
Microsoft Visual Studio Solution File, Format Version 12.00
# Visual Studio 14
VisualStudioVersion = 14.0.25420.1
MinimumVisualStudioVersion = 10.0.40219.1
Project("{2150E333-8FDC-42A3-9474-1A3956D46DE8}") = "Solution Items", "Solution Items", "{55E42050-6495-4544-9761-308EDC0D31AC}"
	ProjectSection(SolutionItems) = preProject
		appveyor.yml = appveyor.yml
		Build.ps1 = Build.ps1
		Coverage.ps1 = Coverage.ps1
		nuspec\Nito.AsyncEx.nuspec = nuspec\Nito.AsyncEx.nuspec
		Version.ps1 = Version.ps1
	EndProjectSection
EndProject
Project("{2150E333-8FDC-42A3-9474-1A3956D46DE8}") = "src", "src", "{D87FA556-6FC7-4A87-BDA2-4B5A3993C39B}"
EndProject
Project("{8BB2217D-0F2D-49D1-97BC-3654ED321F3B}") = "Nito.AsyncEx.Tasks", "src\Nito.AsyncEx.Tasks\Nito.AsyncEx.Tasks.xproj", "{A59E8416-844C-4489-9761-3A5F0BDD6A46}"
EndProject
Project("{2150E333-8FDC-42A3-9474-1A3956D46DE8}") = "test", "test", "{32CD8875-1709-4428-816A-FA840C2EE61C}"
EndProject
Project("{8BB2217D-0F2D-49D1-97BC-3654ED321F3B}") = "AsyncEx.Tasks.UnitTests", "test\AsyncEx.Tasks.UnitTests\AsyncEx.Tasks.UnitTests.xproj", "{C24252CE-031C-4A2E-93D1-B0C94D4A7CC3}"
EndProject
Project("{8BB2217D-0F2D-49D1-97BC-3654ED321F3B}") = "Nito.AsyncEx.Coordination", "src\Nito.AsyncEx.Coordination\Nito.AsyncEx.Coordination.xproj", "{530CF156-31F2-433D-96A7-181E8E10AA2E}"
EndProject
Project("{8BB2217D-0F2D-49D1-97BC-3654ED321F3B}") = "AsyncEx.Coordination.UnitTests", "test\AsyncEx.Coordination.UnitTests\AsyncEx.Coordination.UnitTests.xproj", "{51F8EF6D-12BE-43B1-BF65-C834E944A546}"
EndProject
Project("{8BB2217D-0F2D-49D1-97BC-3654ED321F3B}") = "Nito.AsyncEx.Context", "src\Nito.AsyncEx.Context\Nito.AsyncEx.Context.xproj", "{A9CFBC56-27A5-4596-B63A-E67FAF5F174B}"
EndProject
Project("{8BB2217D-0F2D-49D1-97BC-3654ED321F3B}") = "AsyncEx.Context.UnitTests", "test\AsyncEx.Context.UnitTests\AsyncEx.Context.UnitTests.xproj", "{9A13AE97-F68C-4162-A0CA-82AAFC8672D8}"
EndProject
Project("{8BB2217D-0F2D-49D1-97BC-3654ED321F3B}") = "Nito.AsyncEx.Oop", "src\Nito.AsyncEx.Oop\Nito.AsyncEx.Oop.xproj", "{AED7BF8F-2538-4A9E-8A98-B45191221C4B}"
EndProject
Project("{8BB2217D-0F2D-49D1-97BC-3654ED321F3B}") = "AsyncEx.Oop.UnitTests", "test\AsyncEx.Oop.UnitTests\AsyncEx.Oop.UnitTests.xproj", "{0200B033-606D-4FD1-9FF1-345A2B7972AF}"
EndProject
Project("{8BB2217D-0F2D-49D1-97BC-3654ED321F3B}") = "Nito.AsyncEx.Interop.Eap", "src\Nito.AsyncEx.Interop.Eap\Nito.AsyncEx.Interop.Eap.xproj", "{3CB5C091-B92B-44B3-8AC8-9CF14BF341C7}"
EndProject
Project("{8BB2217D-0F2D-49D1-97BC-3654ED321F3B}") = "AsyncEx.Interop.Eap.UnitTests", "test\AsyncEx.Interop.Eap.UnitTests\AsyncEx.Interop.Eap.UnitTests.xproj", "{A123136B-DE55-4478-9484-2B2DEF262E9A}"
EndProject
Global
	GlobalSection(SolutionConfigurationPlatforms) = preSolution
		Debug|Any CPU = Debug|Any CPU
		Release|Any CPU = Release|Any CPU
	EndGlobalSection
	GlobalSection(ProjectConfigurationPlatforms) = postSolution
		{A59E8416-844C-4489-9761-3A5F0BDD6A46}.Debug|Any CPU.ActiveCfg = Debug|Any CPU
		{A59E8416-844C-4489-9761-3A5F0BDD6A46}.Debug|Any CPU.Build.0 = Debug|Any CPU
		{A59E8416-844C-4489-9761-3A5F0BDD6A46}.Release|Any CPU.ActiveCfg = Release|Any CPU
		{A59E8416-844C-4489-9761-3A5F0BDD6A46}.Release|Any CPU.Build.0 = Release|Any CPU
		{C24252CE-031C-4A2E-93D1-B0C94D4A7CC3}.Debug|Any CPU.ActiveCfg = Debug|Any CPU
		{C24252CE-031C-4A2E-93D1-B0C94D4A7CC3}.Debug|Any CPU.Build.0 = Debug|Any CPU
		{C24252CE-031C-4A2E-93D1-B0C94D4A7CC3}.Release|Any CPU.ActiveCfg = Release|Any CPU
		{C24252CE-031C-4A2E-93D1-B0C94D4A7CC3}.Release|Any CPU.Build.0 = Release|Any CPU
		{530CF156-31F2-433D-96A7-181E8E10AA2E}.Debug|Any CPU.ActiveCfg = Debug|Any CPU
		{530CF156-31F2-433D-96A7-181E8E10AA2E}.Debug|Any CPU.Build.0 = Debug|Any CPU
		{530CF156-31F2-433D-96A7-181E8E10AA2E}.Release|Any CPU.ActiveCfg = Release|Any CPU
		{530CF156-31F2-433D-96A7-181E8E10AA2E}.Release|Any CPU.Build.0 = Release|Any CPU
		{51F8EF6D-12BE-43B1-BF65-C834E944A546}.Debug|Any CPU.ActiveCfg = Debug|Any CPU
		{51F8EF6D-12BE-43B1-BF65-C834E944A546}.Debug|Any CPU.Build.0 = Debug|Any CPU
		{51F8EF6D-12BE-43B1-BF65-C834E944A546}.Release|Any CPU.ActiveCfg = Release|Any CPU
		{51F8EF6D-12BE-43B1-BF65-C834E944A546}.Release|Any CPU.Build.0 = Release|Any CPU
		{A9CFBC56-27A5-4596-B63A-E67FAF5F174B}.Debug|Any CPU.ActiveCfg = Debug|Any CPU
		{A9CFBC56-27A5-4596-B63A-E67FAF5F174B}.Debug|Any CPU.Build.0 = Debug|Any CPU
		{A9CFBC56-27A5-4596-B63A-E67FAF5F174B}.Release|Any CPU.ActiveCfg = Release|Any CPU
		{A9CFBC56-27A5-4596-B63A-E67FAF5F174B}.Release|Any CPU.Build.0 = Release|Any CPU
		{9A13AE97-F68C-4162-A0CA-82AAFC8672D8}.Debug|Any CPU.ActiveCfg = Debug|Any CPU
		{9A13AE97-F68C-4162-A0CA-82AAFC8672D8}.Debug|Any CPU.Build.0 = Debug|Any CPU
		{9A13AE97-F68C-4162-A0CA-82AAFC8672D8}.Release|Any CPU.ActiveCfg = Release|Any CPU
		{9A13AE97-F68C-4162-A0CA-82AAFC8672D8}.Release|Any CPU.Build.0 = Release|Any CPU
		{AED7BF8F-2538-4A9E-8A98-B45191221C4B}.Debug|Any CPU.ActiveCfg = Debug|Any CPU
		{AED7BF8F-2538-4A9E-8A98-B45191221C4B}.Debug|Any CPU.Build.0 = Debug|Any CPU
		{AED7BF8F-2538-4A9E-8A98-B45191221C4B}.Release|Any CPU.ActiveCfg = Release|Any CPU
		{AED7BF8F-2538-4A9E-8A98-B45191221C4B}.Release|Any CPU.Build.0 = Release|Any CPU
		{0200B033-606D-4FD1-9FF1-345A2B7972AF}.Debug|Any CPU.ActiveCfg = Debug|Any CPU
		{0200B033-606D-4FD1-9FF1-345A2B7972AF}.Debug|Any CPU.Build.0 = Debug|Any CPU
		{0200B033-606D-4FD1-9FF1-345A2B7972AF}.Release|Any CPU.ActiveCfg = Release|Any CPU
		{0200B033-606D-4FD1-9FF1-345A2B7972AF}.Release|Any CPU.Build.0 = Release|Any CPU
		{3CB5C091-B92B-44B3-8AC8-9CF14BF341C7}.Debug|Any CPU.ActiveCfg = Debug|Any CPU
		{3CB5C091-B92B-44B3-8AC8-9CF14BF341C7}.Debug|Any CPU.Build.0 = Debug|Any CPU
		{3CB5C091-B92B-44B3-8AC8-9CF14BF341C7}.Release|Any CPU.ActiveCfg = Release|Any CPU
		{3CB5C091-B92B-44B3-8AC8-9CF14BF341C7}.Release|Any CPU.Build.0 = Release|Any CPU
		{A123136B-DE55-4478-9484-2B2DEF262E9A}.Debug|Any CPU.ActiveCfg = Debug|Any CPU
		{A123136B-DE55-4478-9484-2B2DEF262E9A}.Debug|Any CPU.Build.0 = Debug|Any CPU
		{A123136B-DE55-4478-9484-2B2DEF262E9A}.Release|Any CPU.ActiveCfg = Release|Any CPU
		{A123136B-DE55-4478-9484-2B2DEF262E9A}.Release|Any CPU.Build.0 = Release|Any CPU
	EndGlobalSection
	GlobalSection(SolutionProperties) = preSolution
		HideSolutionNode = FALSE
	EndGlobalSection
	GlobalSection(NestedProjects) = preSolution
		{A59E8416-844C-4489-9761-3A5F0BDD6A46} = {D87FA556-6FC7-4A87-BDA2-4B5A3993C39B}
		{C24252CE-031C-4A2E-93D1-B0C94D4A7CC3} = {32CD8875-1709-4428-816A-FA840C2EE61C}
		{530CF156-31F2-433D-96A7-181E8E10AA2E} = {D87FA556-6FC7-4A87-BDA2-4B5A3993C39B}
		{51F8EF6D-12BE-43B1-BF65-C834E944A546} = {32CD8875-1709-4428-816A-FA840C2EE61C}
		{A9CFBC56-27A5-4596-B63A-E67FAF5F174B} = {D87FA556-6FC7-4A87-BDA2-4B5A3993C39B}
		{9A13AE97-F68C-4162-A0CA-82AAFC8672D8} = {32CD8875-1709-4428-816A-FA840C2EE61C}
		{AED7BF8F-2538-4A9E-8A98-B45191221C4B} = {D87FA556-6FC7-4A87-BDA2-4B5A3993C39B}
		{0200B033-606D-4FD1-9FF1-345A2B7972AF} = {32CD8875-1709-4428-816A-FA840C2EE61C}
		{3CB5C091-B92B-44B3-8AC8-9CF14BF341C7} = {D87FA556-6FC7-4A87-BDA2-4B5A3993C39B}
		{A123136B-DE55-4478-9484-2B2DEF262E9A} = {32CD8875-1709-4428-816A-FA840C2EE61C}
	EndGlobalSection
EndGlobal
