
Microsoft Visual Studio Solution File, Format Version 12.00
# Visual Studio 14
VisualStudioVersion = 14.0.25420.1
MinimumVisualStudioVersion = 10.0.40219.1
Project("{2150E333-8FDC-42A3-9474-1A3956D46DE8}") = "Solution Items", "Solution Items", "{55E42050-6495-4544-9761-308EDC0D31AC}"
	ProjectSection(SolutionItems) = preProject
		appveyor.yml = appveyor.yml
		Build.ps1 = Build.ps1
		Coverage.ps1 = Coverage.ps1
		nuspec\Nito.AsyncEx.nuspec = nuspec\Nito.AsyncEx.nuspec
		Version.ps1 = Version.ps1
	EndProjectSection
EndProject
Project("{2150E333-8FDC-42A3-9474-1A3956D46DE8}") = "src", "src", "{D87FA556-6FC7-4A87-BDA2-4B5A3993C39B}"
EndProject
Project("{8BB2217D-0F2D-49D1-97BC-3654ED321F3B}") = "Nito.AsyncEx.Tasks", "src\Nito.AsyncEx.Tasks\Nito.AsyncEx.Tasks.xproj", "{A59E8416-844C-4489-9761-3A5F0BDD6A46}"
EndProject
Project("{2150E333-8FDC-42A3-9474-1A3956D46DE8}") = "test", "test", "{32CD8875-1709-4428-816A-FA840C2EE61C}"
EndProject
Project("{8BB2217D-0F2D-49D1-97BC-3654ED321F3B}") = "AsyncEx.Tasks.UnitTests", "test\AsyncEx.Tasks.UnitTests\AsyncEx.Tasks.UnitTests.xproj", "{C24252CE-031C-4A2E-93D1-B0C94D4A7CC3}"
EndProject
Global
	GlobalSection(SolutionConfigurationPlatforms) = preSolution
		Debug|Any CPU = Debug|Any CPU
		Release|Any CPU = Release|Any CPU
	EndGlobalSection
	GlobalSection(ProjectConfigurationPlatforms) = postSolution
		{A59E8416-844C-4489-9761-3A5F0BDD6A46}.Debug|Any CPU.ActiveCfg = Debug|Any CPU
		{A59E8416-844C-4489-9761-3A5F0BDD6A46}.Debug|Any CPU.Build.0 = Debug|Any CPU
		{A59E8416-844C-4489-9761-3A5F0BDD6A46}.Release|Any CPU.ActiveCfg = Release|Any CPU
		{A59E8416-844C-4489-9761-3A5F0BDD6A46}.Release|Any CPU.Build.0 = Release|Any CPU
		{C24252CE-031C-4A2E-93D1-B0C94D4A7CC3}.Debug|Any CPU.ActiveCfg = Debug|Any CPU
		{C24252CE-031C-4A2E-93D1-B0C94D4A7CC3}.Debug|Any CPU.Build.0 = Debug|Any CPU
		{C24252CE-031C-4A2E-93D1-B0C94D4A7CC3}.Release|Any CPU.ActiveCfg = Release|Any CPU
		{C24252CE-031C-4A2E-93D1-B0C94D4A7CC3}.Release|Any CPU.Build.0 = Release|Any CPU
	EndGlobalSection
	GlobalSection(SolutionProperties) = preSolution
		HideSolutionNode = FALSE
	EndGlobalSection
	GlobalSection(NestedProjects) = preSolution
		{A59E8416-844C-4489-9761-3A5F0BDD6A46} = {D87FA556-6FC7-4A87-BDA2-4B5A3993C39B}
		{C24252CE-031C-4A2E-93D1-B0C94D4A7CC3} = {32CD8875-1709-4428-816A-FA840C2EE61C}
	EndGlobalSection
EndGlobal
