
Microsoft Visual Studio Solution File, Format Version 12.00
# Visual Studio 2013
VisualStudioVersion = 12.0.30501.0
MinimumVisualStudioVersion = 10.0.40219.1
Project("{2150E333-8FDC-42A3-9474-1A3956D46DE8}") = "Solution Items", "Solution Items", "{FA26D995-6F9A-4261-8C9A-2F35449A6C2A}"
	ProjectSection(SolutionItems) = preProject
		Build.ps1 = Build.ps1
		Nito.AsyncEx.Dataflow.nuspec = Nito.AsyncEx.Dataflow.nuspec
		Nito.AsyncEx.DataflowProxy.nuspec = Nito.AsyncEx.DataflowProxy.nuspec
		Nito.AsyncEx.nuspec = Nito.AsyncEx.nuspec
	EndProjectSection
EndProject
Project("{2150E333-8FDC-42A3-9474-1A3956D46DE8}") = "Enlightenment", "Enlightenment", "{FB99775E-8183-4444-8763-65C0BF332960}"
EndProject
Project("{2150E333-8FDC-42A3-9474-1A3956D46DE8}") = "Unit Tests", "Unit Tests", "{E8F3AFDD-CF79-4355-8318-E22B8B4792B0}"
EndProject
Project("{2150E333-8FDC-42A3-9474-1A3956D46DE8}") = "Installation Tests", "Installation Tests", "{EBAB0A5B-F121-43B9-BD2C-804A8BA06B83}"
EndProject
Project("{FAE04EC0-301F-11D3-BF4B-00C04F79EFBC}") = "Nito.AsyncEx.Dataflow (NET45, Win8)", "Nito.AsyncEx.Dataflow (NET45, Win8)\Nito.AsyncEx.Dataflow (NET45, Win8).csproj", "{C4603C8E-FE0E-4A31-AA6C-88CA22F82756}"
EndProject
Project("{FAE04EC0-301F-11D3-BF4B-00C04F79EFBC}") = "Nito.AsyncEx.Dataflow (NET40)", "Nito.AsyncEx.Dataflow (NET40)\Nito.AsyncEx.Dataflow (NET40).csproj", "{23403B7B-D5DB-4BEF-A6B8-64EED2725E3E}"
EndProject
Project("{FAE04EC0-301F-11D3-BF4B-00C04F79EFBC}") = "Nito.AsyncEx.Concurrent (NET4, Win8)", "Nito.AsyncEx.Concurrent (NET4, Win8)\Nito.AsyncEx.Concurrent (NET4, Win8).csproj", "{5B9C3BB4-6A56-4A88-8394-7451CB03DDEC}"
EndProject
Project("{FAE04EC0-301F-11D3-BF4B-00C04F79EFBC}") = "NET40", "Installation Tests\NET40\NET40.csproj", "{22D11FA8-AD68-4FD6-B835-76EC20FC4352}"
EndProject
Project("{FAE04EC0-301F-11D3-BF4B-00C04F79EFBC}") = "NET40+Win8+WP75+SL4", "Installation Tests\NET40+Win8+WP75+SL4\NET40+Win8+WP75+SL4.csproj", "{5B9FF9B6-93FA-48B6-87CB-17BFB3E38963}"
EndProject
Project("{FAE04EC0-301F-11D3-BF4B-00C04F79EFBC}") = "NET45", "Installation Tests\NET45\NET45.csproj", "{1620292C-DC76-49F8-8342-8784CD5E7D68}"
EndProject
Project("{FAE04EC0-301F-11D3-BF4B-00C04F79EFBC}") = "NET45+Win8+WP8", "Installation Tests\NET45+Win8+WP8\NET45+Win8+WP8.csproj", "{E329B2D0-6F1A-4586-A526-3CED219D93E2}"
EndProject
Project("{FAE04EC0-301F-11D3-BF4B-00C04F79EFBC}") = "Win8", "Installation Tests\Win8\Win8.csproj", "{45CD1743-92EF-47B8-9E4F-E5EAAD5563FC}"
EndProject
Project("{FAE04EC0-301F-11D3-BF4B-00C04F79EFBC}") = "AdvancedExamples", "Unit Tests\AdvancedExamples\AdvancedExamples.csproj", "{4B7C8464-CBDD-475B-89FE-8AD02B6AAEF9}"
EndProject
Project("{FAE04EC0-301F-11D3-BF4B-00C04F79EFBC}") = "Tests", "Unit Tests\Tests\Tests.csproj", "{B6F23DC8-C4D5-41FD-BA98-2658AE03AD97}"
EndProject
Project("{FAE04EC0-301F-11D3-BF4B-00C04F79EFBC}") = "Tests (NET40)", "Unit Tests\Tests (NET40)\Tests (NET40).csproj", "{30E97644-A1CD-44A4-BE47-4E79E850F4BC}"
EndProject
Project("{FAE04EC0-301F-11D3-BF4B-00C04F79EFBC}") = "Nito.AsyncEx.Enlightenment (NET40)", "Enlightenment\Nito.AsyncEx.Enlightenment (NET40)\Nito.AsyncEx.Enlightenment (NET40).csproj", "{F90505C6-D608-4E2A-B92E-025240EB3EC9}"
EndProject
Project("{FAE04EC0-301F-11D3-BF4B-00C04F79EFBC}") = "Nito.AsyncEx.Enlightenment (NET45)", "Enlightenment\Nito.AsyncEx.Enlightenment (NET45)\Nito.AsyncEx.Enlightenment (NET45).csproj", "{294FD908-E6A7-4EB0-9231-DACFEB1AD224}"
EndProject
Project("{FAE04EC0-301F-11D3-BF4B-00C04F79EFBC}") = "Nito.AsyncEx.Enlightenment (Win8)", "Enlightenment\Nito.AsyncEx.Enlightenment (Win8)\Nito.AsyncEx.Enlightenment (Win8).csproj", "{637B89E1-78D7-49CD-B4E0-6FAF3A51A805}"
EndProject
Project("{FAE04EC0-301F-11D3-BF4B-00C04F79EFBC}") = "Nito.AsyncEx.Enlightenment (WP8)", "Enlightenment\Nito.AsyncEx.Enlightenment (WP8)\Nito.AsyncEx.Enlightenment (WP8).csproj", "{0DB422BB-9475-4547-A15F-8FA337FB7D31}"
EndProject
Project("{FAE04EC0-301F-11D3-BF4B-00C04F79EFBC}") = "Nito.AsyncEx.Enlightenment (SL5)", "Enlightenment\Nito.AsyncEx.Enlightenment (SL5)\Nito.AsyncEx.Enlightenment (SL5).csproj", "{BA55F0BD-3F57-4364-87BF-E83E696779C3}"
EndProject
Project("{FAE04EC0-301F-11D3-BF4B-00C04F79EFBC}") = "Nito.AsyncEx (NET4, Win8, SL5, WP8, WPA81)", "Nito.AsyncEx (NET4, Win8, SL5, WP8, WPA81)\Nito.AsyncEx (NET4, Win8, SL5, WP8, WPA81).csproj", "{4B8C613E-9ED8-4159-BEFD-662C826560F9}"
	ProjectSection(ProjectDependencies) = postProject
		{FCF85B9C-F6B3-4AFE-83D0-83C2CAA76D24} = {FCF85B9C-F6B3-4AFE-83D0-83C2CAA76D24}
	EndProjectSection
EndProject
Project("{FAE04EC0-301F-11D3-BF4B-00C04F79EFBC}") = "Nito.AsyncEx (NET45, Win8, WP8, WPA81)", "Nito.AsyncEx (NET45, Win8, WP8, WPA81)\Nito.AsyncEx (NET45, Win8, WP8, WPA81).csproj", "{FCF85B9C-F6B3-4AFE-83D0-83C2CAA76D24}"
EndProject
Project("{FAE04EC0-301F-11D3-BF4B-00C04F79EFBC}") = "Nito.AsyncEx.Enlightenment (WPA81)", "Enlightenment\Nito.AsyncEx.Enlightenment (WPA81)\Nito.AsyncEx.Enlightenment (WPA81).csproj", "{A8C9D754-8D6E-432F-BEEC-90983C161D31}"
EndProject
Project("{FAE04EC0-301F-11D3-BF4B-00C04F79EFBC}") = "Nito.AsyncEx.Concurrent (NET45, Win8, WPA81)", "Nito.AsyncEx.Concurrent (NET45, Win8, WPA81)\Nito.AsyncEx.Concurrent (NET45, Win8, WPA81).csproj", "{A79AA3FD-F530-4A58-8C11-2E305CDE3251}"
EndProject
Project("{FAE04EC0-301F-11D3-BF4B-00C04F79EFBC}") = "WPA81", "Installation Tests\WPA81\WPA81.csproj", "{B98151CC-0BA0-4B99-ABCF-FA0072142804}"
EndProject
Project("{FAE04EC0-301F-11D3-BF4B-00C04F79EFBC}") = "Nito.AsyncEx.Enlightenment (NET4, Win8, SL5, WP8, WPA81)", "Enlightenment\Nito.AsyncEx.Enlightenment (NET4, Win8, SL5, WP8, WPA81)\Nito.AsyncEx.Enlightenment (NET4, Win8, SL5, WP8, WPA81).csproj", "{40CE2F27-B155-4D4E-8B07-A65B79B7DBEA}"
EndProject
Global
	GlobalSection(SolutionConfigurationPlatforms) = preSolution
		Debug|Any CPU = Debug|Any CPU
		Debug|ARM = Debug|ARM
		Debug|x64 = Debug|x64
		Debug|x86 = Debug|x86
		Release|Any CPU = Release|Any CPU
		Release|ARM = Release|ARM
		Release|x64 = Release|x64
		Release|x86 = Release|x86
	EndGlobalSection
	GlobalSection(ProjectConfigurationPlatforms) = postSolution
		{C4603C8E-FE0E-4A31-AA6C-88CA22F82756}.Debug|Any CPU.ActiveCfg = Debug|Any CPU
		{C4603C8E-FE0E-4A31-AA6C-88CA22F82756}.Debug|Any CPU.Build.0 = Debug|Any CPU
		{C4603C8E-FE0E-4A31-AA6C-88CA22F82756}.Debug|ARM.ActiveCfg = Debug|Any CPU
		{C4603C8E-FE0E-4A31-AA6C-88CA22F82756}.Debug|x64.ActiveCfg = Debug|Any CPU
		{C4603C8E-FE0E-4A31-AA6C-88CA22F82756}.Debug|x86.ActiveCfg = Debug|Any CPU
		{C4603C8E-FE0E-4A31-AA6C-88CA22F82756}.Release|Any CPU.ActiveCfg = Release|Any CPU
		{C4603C8E-FE0E-4A31-AA6C-88CA22F82756}.Release|Any CPU.Build.0 = Release|Any CPU
		{C4603C8E-FE0E-4A31-AA6C-88CA22F82756}.Release|ARM.ActiveCfg = Release|Any CPU
		{C4603C8E-FE0E-4A31-AA6C-88CA22F82756}.Release|x64.ActiveCfg = Release|Any CPU
		{C4603C8E-FE0E-4A31-AA6C-88CA22F82756}.Release|x86.ActiveCfg = Release|Any CPU
		{23403B7B-D5DB-4BEF-A6B8-64EED2725E3E}.Debug|Any CPU.ActiveCfg = Debug|Any CPU
		{23403B7B-D5DB-4BEF-A6B8-64EED2725E3E}.Debug|Any CPU.Build.0 = Debug|Any CPU
		{23403B7B-D5DB-4BEF-A6B8-64EED2725E3E}.Debug|ARM.ActiveCfg = Debug|Any CPU
		{23403B7B-D5DB-4BEF-A6B8-64EED2725E3E}.Debug|x64.ActiveCfg = Debug|Any CPU
		{23403B7B-D5DB-4BEF-A6B8-64EED2725E3E}.Debug|x86.ActiveCfg = Debug|Any CPU
		{23403B7B-D5DB-4BEF-A6B8-64EED2725E3E}.Release|Any CPU.ActiveCfg = Release|Any CPU
		{23403B7B-D5DB-4BEF-A6B8-64EED2725E3E}.Release|Any CPU.Build.0 = Release|Any CPU
		{23403B7B-D5DB-4BEF-A6B8-64EED2725E3E}.Release|ARM.ActiveCfg = Release|Any CPU
		{23403B7B-D5DB-4BEF-A6B8-64EED2725E3E}.Release|x64.ActiveCfg = Release|Any CPU
		{23403B7B-D5DB-4BEF-A6B8-64EED2725E3E}.Release|x86.ActiveCfg = Release|Any CPU
		{5B9C3BB4-6A56-4A88-8394-7451CB03DDEC}.Debug|Any CPU.ActiveCfg = Debug|Any CPU
		{5B9C3BB4-6A56-4A88-8394-7451CB03DDEC}.Debug|Any CPU.Build.0 = Debug|Any CPU
		{5B9C3BB4-6A56-4A88-8394-7451CB03DDEC}.Debug|ARM.ActiveCfg = Debug|Any CPU
		{5B9C3BB4-6A56-4A88-8394-7451CB03DDEC}.Debug|x64.ActiveCfg = Debug|Any CPU
		{5B9C3BB4-6A56-4A88-8394-7451CB03DDEC}.Debug|x86.ActiveCfg = Debug|Any CPU
		{5B9C3BB4-6A56-4A88-8394-7451CB03DDEC}.Release|Any CPU.ActiveCfg = Release|Any CPU
		{5B9C3BB4-6A56-4A88-8394-7451CB03DDEC}.Release|Any CPU.Build.0 = Release|Any CPU
		{5B9C3BB4-6A56-4A88-8394-7451CB03DDEC}.Release|ARM.ActiveCfg = Release|Any CPU
		{5B9C3BB4-6A56-4A88-8394-7451CB03DDEC}.Release|x64.ActiveCfg = Release|Any CPU
		{5B9C3BB4-6A56-4A88-8394-7451CB03DDEC}.Release|x86.ActiveCfg = Release|Any CPU
		{22D11FA8-AD68-4FD6-B835-76EC20FC4352}.Debug|Any CPU.ActiveCfg = Debug|Any CPU
		{22D11FA8-AD68-4FD6-B835-76EC20FC4352}.Debug|Any CPU.Build.0 = Debug|Any CPU
		{22D11FA8-AD68-4FD6-B835-76EC20FC4352}.Debug|ARM.ActiveCfg = Debug|Any CPU
		{22D11FA8-AD68-4FD6-B835-76EC20FC4352}.Debug|x64.ActiveCfg = Debug|Any CPU
		{22D11FA8-AD68-4FD6-B835-76EC20FC4352}.Debug|x86.ActiveCfg = Debug|Any CPU
		{22D11FA8-AD68-4FD6-B835-76EC20FC4352}.Release|Any CPU.ActiveCfg = Release|Any CPU
		{22D11FA8-AD68-4FD6-B835-76EC20FC4352}.Release|Any CPU.Build.0 = Release|Any CPU
		{22D11FA8-AD68-4FD6-B835-76EC20FC4352}.Release|ARM.ActiveCfg = Release|Any CPU
		{22D11FA8-AD68-4FD6-B835-76EC20FC4352}.Release|x64.ActiveCfg = Release|Any CPU
		{22D11FA8-AD68-4FD6-B835-76EC20FC4352}.Release|x86.ActiveCfg = Release|Any CPU
		{5B9FF9B6-93FA-48B6-87CB-17BFB3E38963}.Debug|Any CPU.ActiveCfg = Debug|Any CPU
		{5B9FF9B6-93FA-48B6-87CB-17BFB3E38963}.Debug|Any CPU.Build.0 = Debug|Any CPU
		{5B9FF9B6-93FA-48B6-87CB-17BFB3E38963}.Debug|ARM.ActiveCfg = Debug|Any CPU
		{5B9FF9B6-93FA-48B6-87CB-17BFB3E38963}.Debug|x64.ActiveCfg = Debug|Any CPU
		{5B9FF9B6-93FA-48B6-87CB-17BFB3E38963}.Debug|x86.ActiveCfg = Debug|Any CPU
		{5B9FF9B6-93FA-48B6-87CB-17BFB3E38963}.Release|Any CPU.ActiveCfg = Release|Any CPU
		{5B9FF9B6-93FA-48B6-87CB-17BFB3E38963}.Release|Any CPU.Build.0 = Release|Any CPU
		{5B9FF9B6-93FA-48B6-87CB-17BFB3E38963}.Release|ARM.ActiveCfg = Release|Any CPU
		{5B9FF9B6-93FA-48B6-87CB-17BFB3E38963}.Release|x64.ActiveCfg = Release|Any CPU
		{5B9FF9B6-93FA-48B6-87CB-17BFB3E38963}.Release|x86.ActiveCfg = Release|Any CPU
		{1620292C-DC76-49F8-8342-8784CD5E7D68}.Debug|Any CPU.ActiveCfg = Debug|Any CPU
		{1620292C-DC76-49F8-8342-8784CD5E7D68}.Debug|Any CPU.Build.0 = Debug|Any CPU
		{1620292C-DC76-49F8-8342-8784CD5E7D68}.Debug|ARM.ActiveCfg = Debug|Any CPU
		{1620292C-DC76-49F8-8342-8784CD5E7D68}.Debug|x64.ActiveCfg = Debug|Any CPU
		{1620292C-DC76-49F8-8342-8784CD5E7D68}.Debug|x86.ActiveCfg = Debug|Any CPU
		{1620292C-DC76-49F8-8342-8784CD5E7D68}.Release|Any CPU.ActiveCfg = Release|Any CPU
		{1620292C-DC76-49F8-8342-8784CD5E7D68}.Release|Any CPU.Build.0 = Release|Any CPU
		{1620292C-DC76-49F8-8342-8784CD5E7D68}.Release|ARM.ActiveCfg = Release|Any CPU
		{1620292C-DC76-49F8-8342-8784CD5E7D68}.Release|x64.ActiveCfg = Release|Any CPU
		{1620292C-DC76-49F8-8342-8784CD5E7D68}.Release|x86.ActiveCfg = Release|Any CPU
		{E329B2D0-6F1A-4586-A526-3CED219D93E2}.Debug|Any CPU.ActiveCfg = Debug|Any CPU
		{E329B2D0-6F1A-4586-A526-3CED219D93E2}.Debug|Any CPU.Build.0 = Debug|Any CPU
		{E329B2D0-6F1A-4586-A526-3CED219D93E2}.Debug|ARM.ActiveCfg = Debug|Any CPU
		{E329B2D0-6F1A-4586-A526-3CED219D93E2}.Debug|x64.ActiveCfg = Debug|Any CPU
		{E329B2D0-6F1A-4586-A526-3CED219D93E2}.Debug|x86.ActiveCfg = Debug|Any CPU
		{E329B2D0-6F1A-4586-A526-3CED219D93E2}.Release|Any CPU.ActiveCfg = Release|Any CPU
		{E329B2D0-6F1A-4586-A526-3CED219D93E2}.Release|Any CPU.Build.0 = Release|Any CPU
		{E329B2D0-6F1A-4586-A526-3CED219D93E2}.Release|ARM.ActiveCfg = Release|Any CPU
		{E329B2D0-6F1A-4586-A526-3CED219D93E2}.Release|x64.ActiveCfg = Release|Any CPU
		{E329B2D0-6F1A-4586-A526-3CED219D93E2}.Release|x86.ActiveCfg = Release|Any CPU
		{45CD1743-92EF-47B8-9E4F-E5EAAD5563FC}.Debug|Any CPU.ActiveCfg = Debug|Any CPU
		{45CD1743-92EF-47B8-9E4F-E5EAAD5563FC}.Debug|Any CPU.Build.0 = Debug|Any CPU
		{45CD1743-92EF-47B8-9E4F-E5EAAD5563FC}.Debug|ARM.ActiveCfg = Debug|ARM
		{45CD1743-92EF-47B8-9E4F-E5EAAD5563FC}.Debug|ARM.Build.0 = Debug|ARM
		{45CD1743-92EF-47B8-9E4F-E5EAAD5563FC}.Debug|x64.ActiveCfg = Debug|x64
		{45CD1743-92EF-47B8-9E4F-E5EAAD5563FC}.Debug|x64.Build.0 = Debug|x64
		{45CD1743-92EF-47B8-9E4F-E5EAAD5563FC}.Debug|x86.ActiveCfg = Debug|x86
		{45CD1743-92EF-47B8-9E4F-E5EAAD5563FC}.Debug|x86.Build.0 = Debug|x86
		{45CD1743-92EF-47B8-9E4F-E5EAAD5563FC}.Release|Any CPU.ActiveCfg = Release|Any CPU
		{45CD1743-92EF-47B8-9E4F-E5EAAD5563FC}.Release|Any CPU.Build.0 = Release|Any CPU
		{45CD1743-92EF-47B8-9E4F-E5EAAD5563FC}.Release|ARM.ActiveCfg = Release|ARM
		{45CD1743-92EF-47B8-9E4F-E5EAAD5563FC}.Release|ARM.Build.0 = Release|ARM
		{45CD1743-92EF-47B8-9E4F-E5EAAD5563FC}.Release|x64.ActiveCfg = Release|x64
		{45CD1743-92EF-47B8-9E4F-E5EAAD5563FC}.Release|x64.Build.0 = Release|x64
		{45CD1743-92EF-47B8-9E4F-E5EAAD5563FC}.Release|x86.ActiveCfg = Release|x86
		{45CD1743-92EF-47B8-9E4F-E5EAAD5563FC}.Release|x86.Build.0 = Release|x86
		{4B7C8464-CBDD-475B-89FE-8AD02B6AAEF9}.Debug|Any CPU.ActiveCfg = Debug|Any CPU
		{4B7C8464-CBDD-475B-89FE-8AD02B6AAEF9}.Debug|Any CPU.Build.0 = Debug|Any CPU
		{4B7C8464-CBDD-475B-89FE-8AD02B6AAEF9}.Debug|ARM.ActiveCfg = Debug|Any CPU
		{4B7C8464-CBDD-475B-89FE-8AD02B6AAEF9}.Debug|x64.ActiveCfg = Debug|Any CPU
		{4B7C8464-CBDD-475B-89FE-8AD02B6AAEF9}.Debug|x86.ActiveCfg = Debug|Any CPU
		{4B7C8464-CBDD-475B-89FE-8AD02B6AAEF9}.Release|Any CPU.ActiveCfg = Release|Any CPU
		{4B7C8464-CBDD-475B-89FE-8AD02B6AAEF9}.Release|Any CPU.Build.0 = Release|Any CPU
		{4B7C8464-CBDD-475B-89FE-8AD02B6AAEF9}.Release|ARM.ActiveCfg = Release|Any CPU
		{4B7C8464-CBDD-475B-89FE-8AD02B6AAEF9}.Release|x64.ActiveCfg = Release|Any CPU
		{4B7C8464-CBDD-475B-89FE-8AD02B6AAEF9}.Release|x86.ActiveCfg = Release|Any CPU
		{B6F23DC8-C4D5-41FD-BA98-2658AE03AD97}.Debug|Any CPU.ActiveCfg = Debug|Any CPU
		{B6F23DC8-C4D5-41FD-BA98-2658AE03AD97}.Debug|Any CPU.Build.0 = Debug|Any CPU
		{B6F23DC8-C4D5-41FD-BA98-2658AE03AD97}.Debug|ARM.ActiveCfg = Debug|Any CPU
		{B6F23DC8-C4D5-41FD-BA98-2658AE03AD97}.Debug|x64.ActiveCfg = Debug|Any CPU
		{B6F23DC8-C4D5-41FD-BA98-2658AE03AD97}.Debug|x86.ActiveCfg = Debug|Any CPU
		{B6F23DC8-C4D5-41FD-BA98-2658AE03AD97}.Release|Any CPU.ActiveCfg = Release|Any CPU
		{B6F23DC8-C4D5-41FD-BA98-2658AE03AD97}.Release|Any CPU.Build.0 = Release|Any CPU
		{B6F23DC8-C4D5-41FD-BA98-2658AE03AD97}.Release|ARM.ActiveCfg = Release|Any CPU
		{B6F23DC8-C4D5-41FD-BA98-2658AE03AD97}.Release|x64.ActiveCfg = Release|Any CPU
		{B6F23DC8-C4D5-41FD-BA98-2658AE03AD97}.Release|x86.ActiveCfg = Release|Any CPU
		{30E97644-A1CD-44A4-BE47-4E79E850F4BC}.Debug|Any CPU.ActiveCfg = Debug|Any CPU
		{30E97644-A1CD-44A4-BE47-4E79E850F4BC}.Debug|Any CPU.Build.0 = Debug|Any CPU
		{30E97644-A1CD-44A4-BE47-4E79E850F4BC}.Debug|ARM.ActiveCfg = Debug|Any CPU
		{30E97644-A1CD-44A4-BE47-4E79E850F4BC}.Debug|x64.ActiveCfg = Debug|Any CPU
		{30E97644-A1CD-44A4-BE47-4E79E850F4BC}.Debug|x86.ActiveCfg = Debug|Any CPU
		{30E97644-A1CD-44A4-BE47-4E79E850F4BC}.Release|Any CPU.ActiveCfg = Release|Any CPU
		{30E97644-A1CD-44A4-BE47-4E79E850F4BC}.Release|Any CPU.Build.0 = Release|Any CPU
		{30E97644-A1CD-44A4-BE47-4E79E850F4BC}.Release|ARM.ActiveCfg = Release|Any CPU
		{30E97644-A1CD-44A4-BE47-4E79E850F4BC}.Release|x64.ActiveCfg = Release|Any CPU
		{30E97644-A1CD-44A4-BE47-4E79E850F4BC}.Release|x86.ActiveCfg = Release|Any CPU
		{F90505C6-D608-4E2A-B92E-025240EB3EC9}.Debug|Any CPU.ActiveCfg = Debug|Any CPU
		{F90505C6-D608-4E2A-B92E-025240EB3EC9}.Debug|Any CPU.Build.0 = Debug|Any CPU
		{F90505C6-D608-4E2A-B92E-025240EB3EC9}.Debug|ARM.ActiveCfg = Debug|Any CPU
		{F90505C6-D608-4E2A-B92E-025240EB3EC9}.Debug|x64.ActiveCfg = Debug|Any CPU
		{F90505C6-D608-4E2A-B92E-025240EB3EC9}.Debug|x86.ActiveCfg = Debug|Any CPU
		{F90505C6-D608-4E2A-B92E-025240EB3EC9}.Release|Any CPU.ActiveCfg = Release|Any CPU
		{F90505C6-D608-4E2A-B92E-025240EB3EC9}.Release|Any CPU.Build.0 = Release|Any CPU
		{F90505C6-D608-4E2A-B92E-025240EB3EC9}.Release|ARM.ActiveCfg = Release|Any CPU
		{F90505C6-D608-4E2A-B92E-025240EB3EC9}.Release|x64.ActiveCfg = Release|Any CPU
		{F90505C6-D608-4E2A-B92E-025240EB3EC9}.Release|x86.ActiveCfg = Release|Any CPU
		{294FD908-E6A7-4EB0-9231-DACFEB1AD224}.Debug|Any CPU.ActiveCfg = Debug|Any CPU
		{294FD908-E6A7-4EB0-9231-DACFEB1AD224}.Debug|Any CPU.Build.0 = Debug|Any CPU
		{294FD908-E6A7-4EB0-9231-DACFEB1AD224}.Debug|ARM.ActiveCfg = Debug|Any CPU
		{294FD908-E6A7-4EB0-9231-DACFEB1AD224}.Debug|x64.ActiveCfg = Debug|Any CPU
		{294FD908-E6A7-4EB0-9231-DACFEB1AD224}.Debug|x86.ActiveCfg = Debug|Any CPU
		{294FD908-E6A7-4EB0-9231-DACFEB1AD224}.Release|Any CPU.ActiveCfg = Release|Any CPU
		{294FD908-E6A7-4EB0-9231-DACFEB1AD224}.Release|Any CPU.Build.0 = Release|Any CPU
		{294FD908-E6A7-4EB0-9231-DACFEB1AD224}.Release|ARM.ActiveCfg = Release|Any CPU
		{294FD908-E6A7-4EB0-9231-DACFEB1AD224}.Release|x64.ActiveCfg = Release|Any CPU
		{294FD908-E6A7-4EB0-9231-DACFEB1AD224}.Release|x86.ActiveCfg = Release|Any CPU
		{637B89E1-78D7-49CD-B4E0-6FAF3A51A805}.Debug|Any CPU.ActiveCfg = Debug|Any CPU
		{637B89E1-78D7-49CD-B4E0-6FAF3A51A805}.Debug|Any CPU.Build.0 = Debug|Any CPU
		{637B89E1-78D7-49CD-B4E0-6FAF3A51A805}.Debug|ARM.ActiveCfg = Debug|ARM
		{637B89E1-78D7-49CD-B4E0-6FAF3A51A805}.Debug|ARM.Build.0 = Debug|ARM
		{637B89E1-78D7-49CD-B4E0-6FAF3A51A805}.Debug|x64.ActiveCfg = Debug|x64
		{637B89E1-78D7-49CD-B4E0-6FAF3A51A805}.Debug|x64.Build.0 = Debug|x64
		{637B89E1-78D7-49CD-B4E0-6FAF3A51A805}.Debug|x86.ActiveCfg = Debug|x86
		{637B89E1-78D7-49CD-B4E0-6FAF3A51A805}.Debug|x86.Build.0 = Debug|x86
		{637B89E1-78D7-49CD-B4E0-6FAF3A51A805}.Release|Any CPU.ActiveCfg = Release|Any CPU
		{637B89E1-78D7-49CD-B4E0-6FAF3A51A805}.Release|Any CPU.Build.0 = Release|Any CPU
		{637B89E1-78D7-49CD-B4E0-6FAF3A51A805}.Release|ARM.ActiveCfg = Release|ARM
		{637B89E1-78D7-49CD-B4E0-6FAF3A51A805}.Release|ARM.Build.0 = Release|ARM
		{637B89E1-78D7-49CD-B4E0-6FAF3A51A805}.Release|x64.ActiveCfg = Release|x64
		{637B89E1-78D7-49CD-B4E0-6FAF3A51A805}.Release|x64.Build.0 = Release|x64
		{637B89E1-78D7-49CD-B4E0-6FAF3A51A805}.Release|x86.ActiveCfg = Release|x86
		{637B89E1-78D7-49CD-B4E0-6FAF3A51A805}.Release|x86.Build.0 = Release|x86
		{0DB422BB-9475-4547-A15F-8FA337FB7D31}.Debug|Any CPU.ActiveCfg = Debug|Any CPU
		{0DB422BB-9475-4547-A15F-8FA337FB7D31}.Debug|Any CPU.Build.0 = Debug|Any CPU
		{0DB422BB-9475-4547-A15F-8FA337FB7D31}.Debug|ARM.ActiveCfg = Debug|ARM
		{0DB422BB-9475-4547-A15F-8FA337FB7D31}.Debug|ARM.Build.0 = Debug|ARM
		{0DB422BB-9475-4547-A15F-8FA337FB7D31}.Debug|x64.ActiveCfg = Debug|Any CPU
		{0DB422BB-9475-4547-A15F-8FA337FB7D31}.Debug|x86.ActiveCfg = Debug|x86
		{0DB422BB-9475-4547-A15F-8FA337FB7D31}.Debug|x86.Build.0 = Debug|x86
		{0DB422BB-9475-4547-A15F-8FA337FB7D31}.Release|Any CPU.ActiveCfg = Release|Any CPU
		{0DB422BB-9475-4547-A15F-8FA337FB7D31}.Release|Any CPU.Build.0 = Release|Any CPU
		{0DB422BB-9475-4547-A15F-8FA337FB7D31}.Release|ARM.ActiveCfg = Release|ARM
		{0DB422BB-9475-4547-A15F-8FA337FB7D31}.Release|ARM.Build.0 = Release|ARM
		{0DB422BB-9475-4547-A15F-8FA337FB7D31}.Release|x64.ActiveCfg = Release|Any CPU
		{0DB422BB-9475-4547-A15F-8FA337FB7D31}.Release|x86.ActiveCfg = Release|x86
		{0DB422BB-9475-4547-A15F-8FA337FB7D31}.Release|x86.Build.0 = Release|x86
		{BA55F0BD-3F57-4364-87BF-E83E696779C3}.Debug|Any CPU.ActiveCfg = Debug|Any CPU
		{BA55F0BD-3F57-4364-87BF-E83E696779C3}.Debug|Any CPU.Build.0 = Debug|Any CPU
		{BA55F0BD-3F57-4364-87BF-E83E696779C3}.Debug|ARM.ActiveCfg = Debug|Any CPU
		{BA55F0BD-3F57-4364-87BF-E83E696779C3}.Debug|x64.ActiveCfg = Debug|Any CPU
		{BA55F0BD-3F57-4364-87BF-E83E696779C3}.Debug|x86.ActiveCfg = Debug|Any CPU
		{BA55F0BD-3F57-4364-87BF-E83E696779C3}.Release|Any CPU.ActiveCfg = Release|Any CPU
		{BA55F0BD-3F57-4364-87BF-E83E696779C3}.Release|Any CPU.Build.0 = Release|Any CPU
		{BA55F0BD-3F57-4364-87BF-E83E696779C3}.Release|ARM.ActiveCfg = Release|Any CPU
		{BA55F0BD-3F57-4364-87BF-E83E696779C3}.Release|x64.ActiveCfg = Release|Any CPU
		{BA55F0BD-3F57-4364-87BF-E83E696779C3}.Release|x86.ActiveCfg = Release|Any CPU
		{4B8C613E-9ED8-4159-BEFD-662C826560F9}.Debug|Any CPU.ActiveCfg = Debug|Any CPU
		{4B8C613E-9ED8-4159-BEFD-662C826560F9}.Debug|Any CPU.Build.0 = Debug|Any CPU
		{4B8C613E-9ED8-4159-BEFD-662C826560F9}.Debug|ARM.ActiveCfg = Debug|Any CPU
		{4B8C613E-9ED8-4159-BEFD-662C826560F9}.Debug|x64.ActiveCfg = Debug|Any CPU
		{4B8C613E-9ED8-4159-BEFD-662C826560F9}.Debug|x86.ActiveCfg = Debug|Any CPU
		{4B8C613E-9ED8-4159-BEFD-662C826560F9}.Release|Any CPU.ActiveCfg = Release|Any CPU
		{4B8C613E-9ED8-4159-BEFD-662C826560F9}.Release|Any CPU.Build.0 = Release|Any CPU
		{4B8C613E-9ED8-4159-BEFD-662C826560F9}.Release|ARM.ActiveCfg = Release|Any CPU
		{4B8C613E-9ED8-4159-BEFD-662C826560F9}.Release|x64.ActiveCfg = Release|Any CPU
		{4B8C613E-9ED8-4159-BEFD-662C826560F9}.Release|x86.ActiveCfg = Release|Any CPU
		{FCF85B9C-F6B3-4AFE-83D0-83C2CAA76D24}.Debug|Any CPU.ActiveCfg = Debug|Any CPU
		{FCF85B9C-F6B3-4AFE-83D0-83C2CAA76D24}.Debug|Any CPU.Build.0 = Debug|Any CPU
		{FCF85B9C-F6B3-4AFE-83D0-83C2CAA76D24}.Debug|ARM.ActiveCfg = Debug|Any CPU
		{FCF85B9C-F6B3-4AFE-83D0-83C2CAA76D24}.Debug|x64.ActiveCfg = Debug|Any CPU
		{FCF85B9C-F6B3-4AFE-83D0-83C2CAA76D24}.Debug|x86.ActiveCfg = Debug|Any CPU
		{FCF85B9C-F6B3-4AFE-83D0-83C2CAA76D24}.Release|Any CPU.ActiveCfg = Release|Any CPU
		{FCF85B9C-F6B3-4AFE-83D0-83C2CAA76D24}.Release|Any CPU.Build.0 = Release|Any CPU
		{FCF85B9C-F6B3-4AFE-83D0-83C2CAA76D24}.Release|ARM.ActiveCfg = Release|Any CPU
		{FCF85B9C-F6B3-4AFE-83D0-83C2CAA76D24}.Release|x64.ActiveCfg = Release|Any CPU
		{FCF85B9C-F6B3-4AFE-83D0-83C2CAA76D24}.Release|x86.ActiveCfg = Release|Any CPU
		{A8C9D754-8D6E-432F-BEEC-90983C161D31}.Debug|Any CPU.ActiveCfg = Debug|Any CPU
		{A8C9D754-8D6E-432F-BEEC-90983C161D31}.Debug|Any CPU.Build.0 = Debug|Any CPU
		{A8C9D754-8D6E-432F-BEEC-90983C161D31}.Debug|ARM.ActiveCfg = Debug|ARM
		{A8C9D754-8D6E-432F-BEEC-90983C161D31}.Debug|ARM.Build.0 = Debug|ARM
		{A8C9D754-8D6E-432F-BEEC-90983C161D31}.Debug|x64.ActiveCfg = Debug|Any CPU
		{A8C9D754-8D6E-432F-BEEC-90983C161D31}.Debug|x86.ActiveCfg = Debug|x86
		{A8C9D754-8D6E-432F-BEEC-90983C161D31}.Debug|x86.Build.0 = Debug|x86
		{A8C9D754-8D6E-432F-BEEC-90983C161D31}.Release|Any CPU.ActiveCfg = Release|Any CPU
		{A8C9D754-8D6E-432F-BEEC-90983C161D31}.Release|Any CPU.Build.0 = Release|Any CPU
		{A8C9D754-8D6E-432F-BEEC-90983C161D31}.Release|ARM.ActiveCfg = Release|ARM
		{A8C9D754-8D6E-432F-BEEC-90983C161D31}.Release|ARM.Build.0 = Release|ARM
		{A8C9D754-8D6E-432F-BEEC-90983C161D31}.Release|x64.ActiveCfg = Release|Any CPU
		{A8C9D754-8D6E-432F-BEEC-90983C161D31}.Release|x86.ActiveCfg = Release|x86
		{A8C9D754-8D6E-432F-BEEC-90983C161D31}.Release|x86.Build.0 = Release|x86
		{A79AA3FD-F530-4A58-8C11-2E305CDE3251}.Debug|Any CPU.ActiveCfg = Debug|Any CPU
		{A79AA3FD-F530-4A58-8C11-2E305CDE3251}.Debug|Any CPU.Build.0 = Debug|Any CPU
		{A79AA3FD-F530-4A58-8C11-2E305CDE3251}.Debug|ARM.ActiveCfg = Debug|Any CPU
		{A79AA3FD-F530-4A58-8C11-2E305CDE3251}.Debug|x64.ActiveCfg = Debug|Any CPU
		{A79AA3FD-F530-4A58-8C11-2E305CDE3251}.Debug|x86.ActiveCfg = Debug|Any CPU
		{A79AA3FD-F530-4A58-8C11-2E305CDE3251}.Release|Any CPU.ActiveCfg = Release|Any CPU
		{A79AA3FD-F530-4A58-8C11-2E305CDE3251}.Release|Any CPU.Build.0 = Release|Any CPU
		{A79AA3FD-F530-4A58-8C11-2E305CDE3251}.Release|ARM.ActiveCfg = Release|Any CPU
		{A79AA3FD-F530-4A58-8C11-2E305CDE3251}.Release|x64.ActiveCfg = Release|Any CPU
		{A79AA3FD-F530-4A58-8C11-2E305CDE3251}.Release|x86.ActiveCfg = Release|Any CPU
		{B98151CC-0BA0-4B99-ABCF-FA0072142804}.Debug|Any CPU.ActiveCfg = Debug|Any CPU
		{B98151CC-0BA0-4B99-ABCF-FA0072142804}.Debug|Any CPU.Build.0 = Debug|Any CPU
		{B98151CC-0BA0-4B99-ABCF-FA0072142804}.Debug|ARM.ActiveCfg = Debug|ARM
		{B98151CC-0BA0-4B99-ABCF-FA0072142804}.Debug|ARM.Build.0 = Debug|ARM
		{B98151CC-0BA0-4B99-ABCF-FA0072142804}.Debug|x64.ActiveCfg = Debug|Any CPU
		{B98151CC-0BA0-4B99-ABCF-FA0072142804}.Debug|x86.ActiveCfg = Debug|x86
		{B98151CC-0BA0-4B99-ABCF-FA0072142804}.Debug|x86.Build.0 = Debug|x86
		{B98151CC-0BA0-4B99-ABCF-FA0072142804}.Release|Any CPU.ActiveCfg = Release|Any CPU
		{B98151CC-0BA0-4B99-ABCF-FA0072142804}.Release|Any CPU.Build.0 = Release|Any CPU
		{B98151CC-0BA0-4B99-ABCF-FA0072142804}.Release|ARM.ActiveCfg = Release|ARM
		{B98151CC-0BA0-4B99-ABCF-FA0072142804}.Release|ARM.Build.0 = Release|ARM
		{B98151CC-0BA0-4B99-ABCF-FA0072142804}.Release|x64.ActiveCfg = Release|Any CPU
		{B98151CC-0BA0-4B99-ABCF-FA0072142804}.Release|x86.ActiveCfg = Release|x86
		{B98151CC-0BA0-4B99-ABCF-FA0072142804}.Release|x86.Build.0 = Release|x86
		{40CE2F27-B155-4D4E-8B07-A65B79B7DBEA}.Debug|Any CPU.ActiveCfg = Debug|Any CPU
		{40CE2F27-B155-4D4E-8B07-A65B79B7DBEA}.Debug|Any CPU.Build.0 = Debug|Any CPU
		{40CE2F27-B155-4D4E-8B07-A65B79B7DBEA}.Debug|ARM.ActiveCfg = Debug|Any CPU
		{40CE2F27-B155-4D4E-8B07-A65B79B7DBEA}.Debug|x64.ActiveCfg = Debug|Any CPU
		{40CE2F27-B155-4D4E-8B07-A65B79B7DBEA}.Debug|x86.ActiveCfg = Debug|Any CPU
		{40CE2F27-B155-4D4E-8B07-A65B79B7DBEA}.Release|Any CPU.ActiveCfg = Release|Any CPU
		{40CE2F27-B155-4D4E-8B07-A65B79B7DBEA}.Release|Any CPU.Build.0 = Release|Any CPU
		{40CE2F27-B155-4D4E-8B07-A65B79B7DBEA}.Release|ARM.ActiveCfg = Release|Any CPU
		{40CE2F27-B155-4D4E-8B07-A65B79B7DBEA}.Release|x64.ActiveCfg = Release|Any CPU
		{40CE2F27-B155-4D4E-8B07-A65B79B7DBEA}.Release|x86.ActiveCfg = Release|Any CPU
	EndGlobalSection
	GlobalSection(SolutionProperties) = preSolution
		HideSolutionNode = FALSE
	EndGlobalSection
	GlobalSection(NestedProjects) = preSolution
		{22D11FA8-AD68-4FD6-B835-76EC20FC4352} = {EBAB0A5B-F121-43B9-BD2C-804A8BA06B83}
		{5B9FF9B6-93FA-48B6-87CB-17BFB3E38963} = {EBAB0A5B-F121-43B9-BD2C-804A8BA06B83}
		{1620292C-DC76-49F8-8342-8784CD5E7D68} = {EBAB0A5B-F121-43B9-BD2C-804A8BA06B83}
		{E329B2D0-6F1A-4586-A526-3CED219D93E2} = {EBAB0A5B-F121-43B9-BD2C-804A8BA06B83}
		{45CD1743-92EF-47B8-9E4F-E5EAAD5563FC} = {EBAB0A5B-F121-43B9-BD2C-804A8BA06B83}
		{4B7C8464-CBDD-475B-89FE-8AD02B6AAEF9} = {E8F3AFDD-CF79-4355-8318-E22B8B4792B0}
		{B6F23DC8-C4D5-41FD-BA98-2658AE03AD97} = {E8F3AFDD-CF79-4355-8318-E22B8B4792B0}
		{30E97644-A1CD-44A4-BE47-4E79E850F4BC} = {E8F3AFDD-CF79-4355-8318-E22B8B4792B0}
		{F90505C6-D608-4E2A-B92E-025240EB3EC9} = {FB99775E-8183-4444-8763-65C0BF332960}
		{294FD908-E6A7-4EB0-9231-DACFEB1AD224} = {FB99775E-8183-4444-8763-65C0BF332960}
		{637B89E1-78D7-49CD-B4E0-6FAF3A51A805} = {FB99775E-8183-4444-8763-65C0BF332960}
		{0DB422BB-9475-4547-A15F-8FA337FB7D31} = {FB99775E-8183-4444-8763-65C0BF332960}
		{BA55F0BD-3F57-4364-87BF-E83E696779C3} = {FB99775E-8183-4444-8763-65C0BF332960}
		{A8C9D754-8D6E-432F-BEEC-90983C161D31} = {FB99775E-8183-4444-8763-65C0BF332960}
		{B98151CC-0BA0-4B99-ABCF-FA0072142804} = {EBAB0A5B-F121-43B9-BD2C-804A8BA06B83}
		{40CE2F27-B155-4D4E-8B07-A65B79B7DBEA} = {FB99775E-8183-4444-8763-65C0BF332960}
	EndGlobalSection
EndGlobal
